
Microsoft Visual Studio Solution File, Format Version 12.00
# Visual Studio Version 17
VisualStudioVersion = 17.14.36518.9 d17.14
MinimumVisualStudioVersion = 10.0.40219.1
Project("{8BC9CEB8-8B4A-11D0-8D11-00A0C91BC942}") = "lab1", "lab1.vcxproj", "{FCBBC821-CA45-4557-A40B-4DD500248ADA}"
EndProject
Global
	GlobalSection(SolutionConfigurationPlatforms) = preSolution
		Debug|x64 = Debug|x64
		Debug|x86 = Debug|x86
		Release|x64 = Release|x64
		Release|x86 = Release|x86
	EndGlobalSection
	GlobalSection(ProjectConfigurationPlatforms) = postSolution
		{FCBBC821-CA45-4557-A40B-4DD500248ADA}.Debug|x64.ActiveCfg = Debug|x64
		{FCBBC821-CA45-4557-A40B-4DD500248ADA}.Debug|x64.Build.0 = Debug|x64
		{FCBBC821-CA45-4557-A40B-4DD500248ADA}.Debug|x86.ActiveCfg = Debug|Win32
		{FCBBC821-CA45-4557-A40B-4DD500248ADA}.Debug|x86.Build.0 = Debug|Win32
		{FCBBC821-CA45-4557-A40B-4DD500248ADA}.Release|x64.ActiveCfg = Release|x64
		{FCBBC821-CA45-4557-A40B-4DD500248ADA}.Release|x64.Build.0 = Release|x64
		{FCBBC821-CA45-4557-A40B-4DD500248ADA}.Release|x86.ActiveCfg = Release|Win32
		{FCBBC821-CA45-4557-A40B-4DD500248ADA}.Release|x86.Build.0 = Release|Win32
	EndGlobalSection
	GlobalSection(SolutionProperties) = preSolution
		HideSolutionNode = FALSE
	EndGlobalSection
	GlobalSection(ExtensibilityGlobals) = postSolution
		SolutionGuid = {39582D3A-D5A8-4BD2-802E-C00B2391C6E8}
	EndGlobalSection
EndGlobal
